
Microsoft Visual Studio Solution File, Format Version 12.00
# Visual Studio Version 17
VisualStudioVersion = 17.9.34728.123
MinimumVisualStudioVersion = 10.0.40219.1
Project("{FAE04EC0-301F-11D3-BF4B-00C04F79EFBC}") = "OOP1", "OOP1\OOP1.csproj", "{71D8A5A0-3B4F-4909-9DA0-FB562A4B56EC}"
EndProject
Global
	GlobalSection(SolutionConfigurationPlatforms) = preSolution
		Debug|Any CPU = Debug|Any CPU
		Release|Any CPU = Release|Any CPU
	EndGlobalSection
	GlobalSection(ProjectConfigurationPlatforms) = postSolution
		{71D8A5A0-3B4F-4909-9DA0-FB562A4B56EC}.Debug|Any CPU.ActiveCfg = Debug|Any CPU
		{71D8A5A0-3B4F-4909-9DA0-FB562A4B56EC}.Debug|Any CPU.Build.0 = Debug|Any CPU
		{71D8A5A0-3B4F-4909-9DA0-FB562A4B56EC}.Release|Any CPU.ActiveCfg = Release|Any CPU
		{71D8A5A0-3B4F-4909-9DA0-FB562A4B56EC}.Release|Any CPU.Build.0 = Release|Any CPU
	EndGlobalSection
	GlobalSection(SolutionProperties) = preSolution
		HideSolutionNode = FALSE
	EndGlobalSection
	GlobalSection(ExtensibilityGlobals) = postSolution
		SolutionGuid = {67FA4178-72F9-47B8-B12F-61409BE6C6AA}
	EndGlobalSection
EndGlobal
